
Microsoft Visual Studio Solution File, Format Version 12.00
# Visual Studio Version 16
VisualStudioVersion = 16.0.31025.194
MinimumVisualStudioVersion = 10.0.40219.1
Project("{FAE04EC0-301F-11D3-BF4B-00C04F79EFBC}") = "AnimatedPortrait", "AnimatedPortrait\AnimatedPortrait.csproj", "{2A36F60C-F072-4082-8B31-A33F00F7CD80}"
EndProject
Global
	GlobalSection(SolutionConfigurationPlatforms) = preSolution
		Debug|Any CPU = Debug|Any CPU
		Release|Any CPU = Release|Any CPU
	EndGlobalSection
	GlobalSection(ProjectConfigurationPlatforms) = postSolution
		{2A36F60C-F072-4082-8B31-A33F00F7CD80}.Debug|Any CPU.ActiveCfg = Debug|Any CPU
		{2A36F60C-F072-4082-8B31-A33F00F7CD80}.Debug|Any CPU.Build.0 = Debug|Any CPU
		{2A36F60C-F072-4082-8B31-A33F00F7CD80}.Release|Any CPU.ActiveCfg = Release|Any CPU
		{2A36F60C-F072-4082-8B31-A33F00F7CD80}.Release|Any CPU.Build.0 = Release|Any CPU
	EndGlobalSection
	GlobalSection(SolutionProperties) = preSolution
		HideSolutionNode = FALSE
	EndGlobalSection
	GlobalSection(ExtensibilityGlobals) = postSolution
		SolutionGuid = {B9529EB8-B62E-41D2-9228-E3A22CCF6468}
	EndGlobalSection
EndGlobal
